
Microsoft Visual Studio Solution File, Format Version 12.00
# Visual Studio Version 16
VisualStudioVersion = 25.0.1703.8
MinimumVisualStudioVersion = 10.0.40219.1
Project("{FAE04EC0-301F-11D3-BF4B-00C04F79EFBC}") = "UqsArithmetic", "UqsArithmetic\UqsArithmetic.csproj", "{85D3AE7D-4D8F-4DC9-A2D4-F7B84AF157E5}"
EndProject
Project("{FAE04EC0-301F-11D3-BF4B-00C04F79EFBC}") = "Uqs.Arithmetic.Tests.Unit", "Uqs.Arithmetic.Tests.Unit\Uqs.Arithmetic.Tests.Unit.csproj", "{EF902AC6-F533-4B17-BCC3-432173B0FC40}"
EndProject
Global
	GlobalSection(SolutionConfigurationPlatforms) = preSolution
		Debug|Any CPU = Debug|Any CPU
		Release|Any CPU = Release|Any CPU
	EndGlobalSection
	GlobalSection(ProjectConfigurationPlatforms) = postSolution
		{85D3AE7D-4D8F-4DC9-A2D4-F7B84AF157E5}.Debug|Any CPU.ActiveCfg = Debug|Any CPU
		{85D3AE7D-4D8F-4DC9-A2D4-F7B84AF157E5}.Debug|Any CPU.Build.0 = Debug|Any CPU
		{85D3AE7D-4D8F-4DC9-A2D4-F7B84AF157E5}.Release|Any CPU.ActiveCfg = Release|Any CPU
		{85D3AE7D-4D8F-4DC9-A2D4-F7B84AF157E5}.Release|Any CPU.Build.0 = Release|Any CPU
		{EF902AC6-F533-4B17-BCC3-432173B0FC40}.Debug|Any CPU.ActiveCfg = Debug|Any CPU
		{EF902AC6-F533-4B17-BCC3-432173B0FC40}.Debug|Any CPU.Build.0 = Debug|Any CPU
		{EF902AC6-F533-4B17-BCC3-432173B0FC40}.Release|Any CPU.ActiveCfg = Release|Any CPU
		{EF902AC6-F533-4B17-BCC3-432173B0FC40}.Release|Any CPU.Build.0 = Release|Any CPU
	EndGlobalSection
	GlobalSection(SolutionProperties) = preSolution
		HideSolutionNode = FALSE
	EndGlobalSection
	GlobalSection(ExtensibilityGlobals) = postSolution
		SolutionGuid = {FA11898C-7811-4FCE-97EF-9CDF21A64EEA}
	EndGlobalSection
EndGlobal
